dependencies:
- name: jenkins
  repository: https://charts.jenkins.io
  version: 3.9.3
- name: mongodb
  repository: https://charts.bitnami.com/bitnami
  version: 10.29.0
- name: newman-srv
  repository: s3://xap-test-sultan/newman-chart/
  version: 0.1.0
digest: sha256:8289ef70e48e9a892a9d1e90589bb2ee482f0a58d3d9ae83e085902169c82ed5
generated: "2021-12-21T11:23:25.928548+02:00"
