dependencies:
- name: jenkins
  repository: https://charts.jenkins.io
  version: 3.9.3
- name: mongodb
  repository: https://charts.bitnami.com/bitnami
  version: 10.29.0
- name: newman-srv
  repository: s3://xap-test-sultan/newman-chart/
  version: 0.1.0
- name: nexus-repository-manager
  repository: https://sonatype.github.io/helm3-charts/
  version: 37.3.0
digest: sha256:152c5e9cdda9e76a7d5712a1e14261695309e327576c2eb03ea3da17053dfc54
generated: "2022-01-03T10:11:50.572633+02:00"
