dependencies:
- name: jenkins
  repository: https://charts.jenkins.io
  version: 3.9.3
- name: mongodb
  repository: https://charts.bitnami.com/bitnami
  version: 10.29.0
- name: newman-srv
  repository: s3://xap-test-sultan/newman-chart/
  version: 0.1.7
- name: nexus-repository-manager
  repository: https://sonatype.github.io/helm3-charts/
  version: 37.3.0
digest: sha256:febbbc884232d4a31b480e9940213c37005ff60266d49331bbdb3efb8166edac
generated: "2022-01-20T16:46:15.08024+02:00"
